
Microsoft Visual Studio Solution File, Format Version 12.00
# Visual Studio Version 17
VisualStudioVersion = 17.11.35327.3
MinimumVisualStudioVersion = 10.0.40219.1
Project("{FAE04EC0-301F-11D3-BF4B-00C04F79EFBC}") = "logica04", "logica04.csproj", "{521BEF56-D1DA-4B02-8967-D9F74E6218EC}"
EndProject
Global
	GlobalSection(SolutionConfigurationPlatforms) = preSolution
		Debug|Any CPU = Debug|Any CPU
		Release|Any CPU = Release|Any CPU
	EndGlobalSection
	GlobalSection(ProjectConfigurationPlatforms) = postSolution
		{521BEF56-D1DA-4B02-8967-D9F74E6218EC}.Debug|Any CPU.ActiveCfg = Debug|Any CPU
		{521BEF56-D1DA-4B02-8967-D9F74E6218EC}.Debug|Any CPU.Build.0 = Debug|Any CPU
		{521BEF56-D1DA-4B02-8967-D9F74E6218EC}.Release|Any CPU.ActiveCfg = Release|Any CPU
		{521BEF56-D1DA-4B02-8967-D9F74E6218EC}.Release|Any CPU.Build.0 = Release|Any CPU
	EndGlobalSection
	GlobalSection(SolutionProperties) = preSolution
		HideSolutionNode = FALSE
	EndGlobalSection
	GlobalSection(ExtensibilityGlobals) = postSolution
		SolutionGuid = {CFDD1042-D288-41AE-9EE2-9331BBCDE54E}
	EndGlobalSection
EndGlobal
